
Microsoft Visual Studio Solution File, Format Version 12.00
# Visual Studio 15
VisualStudioVersion = 15.0.28307.271
MinimumVisualStudioVersion = 10.0.40219.1
Project("{FAE04EC0-301F-11D3-BF4B-00C04F79EFBC}") = "Assignment2", "Assignment2\Assignment2.csproj", "{9B19F574-B973-4A40-BAFF-872B4C12A743}"
EndProject
Global
	GlobalSection(SolutionConfigurationPlatforms) = preSolution
		Debug|Any CPU = Debug|Any CPU
		Release|Any CPU = Release|Any CPU
	EndGlobalSection
	GlobalSection(ProjectConfigurationPlatforms) = postSolution
		{9B19F574-B973-4A40-BAFF-872B4C12A743}.Debug|Any CPU.ActiveCfg = Debug|Any CPU
		{9B19F574-B973-4A40-BAFF-872B4C12A743}.Debug|Any CPU.Build.0 = Debug|Any CPU
		{9B19F574-B973-4A40-BAFF-872B4C12A743}.Release|Any CPU.ActiveCfg = Release|Any CPU
		{9B19F574-B973-4A40-BAFF-872B4C12A743}.Release|Any CPU.Build.0 = Release|Any CPU
	EndGlobalSection
	GlobalSection(SolutionProperties) = preSolution
		HideSolutionNode = FALSE
	EndGlobalSection
	GlobalSection(ExtensibilityGlobals) = postSolution
		SolutionGuid = {FDCDB35E-BF9F-48D8-A3CE-FE1B221C4563}
	EndGlobalSection
EndGlobal
